
Microsoft Visual Studio Solution File, Format Version 12.00
# Visual Studio Version 17
VisualStudioVersion = 17.8.34525.116
MinimumVisualStudioVersion = 10.0.40219.1
Project("{9A19103F-16F7-4668-BE54-9A1E7A4F7556}") = "ST10058357_PROG7311_POE2", "ST10058357_PROG7311_POE2\ST10058357_PROG7311_POE2.csproj", "{15F69513-E820-45E1-8920-27CD1E1E2CF9}"
EndProject
Global
	GlobalSection(SolutionConfigurationPlatforms) = preSolution
		Debug|Any CPU = Debug|Any CPU
		Release|Any CPU = Release|Any CPU
	EndGlobalSection
	GlobalSection(ProjectConfigurationPlatforms) = postSolution
		{15F69513-E820-45E1-8920-27CD1E1E2CF9}.Debug|Any CPU.ActiveCfg = Debug|Any CPU
		{15F69513-E820-45E1-8920-27CD1E1E2CF9}.Debug|Any CPU.Build.0 = Debug|Any CPU
		{15F69513-E820-45E1-8920-27CD1E1E2CF9}.Release|Any CPU.ActiveCfg = Release|Any CPU
		{15F69513-E820-45E1-8920-27CD1E1E2CF9}.Release|Any CPU.Build.0 = Release|Any CPU
	EndGlobalSection
	GlobalSection(SolutionProperties) = preSolution
		HideSolutionNode = FALSE
	EndGlobalSection
	GlobalSection(ExtensibilityGlobals) = postSolution
		SolutionGuid = {7CFFF982-D03B-4337-B806-8F9105F13CFF}
	EndGlobalSection
EndGlobal
